
Microsoft Visual Studio Solution File, Format Version 12.00
# Visual Studio Version 16
VisualStudioVersion = 16.0.29709.97
MinimumVisualStudioVersion = 10.0.40219.1
Project("{9A19103F-16F7-4668-BE54-9A1E7A4F7556}") = "MovieTicketBookingProject", "MovieTicketBookingProject\MovieTicketBookingProject.csproj", "{BE4B154D-1C4B-45AF-8C31-882E16D8E7FE}"
EndProject
Project("{FAE04EC0-301F-11D3-BF4B-00C04F79EFBC}") = "FileUploadControl", "FileUploadControl\FileUploadControl.csproj", "{A2AE4C35-5D19-4071-9F5B-EBC9C6BEEA5F}"
EndProject
Global
	GlobalSection(SolutionConfigurationPlatforms) = preSolution
		Debug|Any CPU = Debug|Any CPU
		Release|Any CPU = Release|Any CPU
	EndGlobalSection
	GlobalSection(ProjectConfigurationPlatforms) = postSolution
		{BE4B154D-1C4B-45AF-8C31-882E16D8E7FE}.Debug|Any CPU.ActiveCfg = Debug|Any CPU
		{BE4B154D-1C4B-45AF-8C31-882E16D8E7FE}.Debug|Any CPU.Build.0 = Debug|Any CPU
		{BE4B154D-1C4B-45AF-8C31-882E16D8E7FE}.Release|Any CPU.ActiveCfg = Release|Any CPU
		{BE4B154D-1C4B-45AF-8C31-882E16D8E7FE}.Release|Any CPU.Build.0 = Release|Any CPU
		{A2AE4C35-5D19-4071-9F5B-EBC9C6BEEA5F}.Debug|Any CPU.ActiveCfg = Debug|Any CPU
		{A2AE4C35-5D19-4071-9F5B-EBC9C6BEEA5F}.Debug|Any CPU.Build.0 = Debug|Any CPU
		{A2AE4C35-5D19-4071-9F5B-EBC9C6BEEA5F}.Release|Any CPU.ActiveCfg = Release|Any CPU
		{A2AE4C35-5D19-4071-9F5B-EBC9C6BEEA5F}.Release|Any CPU.Build.0 = Release|Any CPU
	EndGlobalSection
	GlobalSection(SolutionProperties) = preSolution
		HideSolutionNode = FALSE
	EndGlobalSection
	GlobalSection(ExtensibilityGlobals) = postSolution
		SolutionGuid = {595A6B9C-5184-4E0D-B9B4-74B568C56511}
	EndGlobalSection
EndGlobal
